
Microsoft Visual Studio Solution File, Format Version 12.00
# Visual Studio Version 17
VisualStudioVersion = 17.7.34009.444
MinimumVisualStudioVersion = 10.0.40219.1
Project("{9A19103F-16F7-4668-BE54-9A1E7A4F7556}") = "LessonA", "LessonA\LessonA.csproj", "{787DD85A-59DC-446E-83E0-BE80CC564D43}"
EndProject
Global
	GlobalSection(SolutionConfigurationPlatforms) = preSolution
		Debug|Any CPU = Debug|Any CPU
		Release|Any CPU = Release|Any CPU
	EndGlobalSection
	GlobalSection(ProjectConfigurationPlatforms) = postSolution
		{787DD85A-59DC-446E-83E0-BE80CC564D43}.Debug|Any CPU.ActiveCfg = Debug|Any CPU
		{787DD85A-59DC-446E-83E0-BE80CC564D43}.Debug|Any CPU.Build.0 = Debug|Any CPU
		{787DD85A-59DC-446E-83E0-BE80CC564D43}.Release|Any CPU.ActiveCfg = Release|Any CPU
		{787DD85A-59DC-446E-83E0-BE80CC564D43}.Release|Any CPU.Build.0 = Release|Any CPU
	EndGlobalSection
	GlobalSection(SolutionProperties) = preSolution
		HideSolutionNode = FALSE
	EndGlobalSection
	GlobalSection(ExtensibilityGlobals) = postSolution
		SolutionGuid = {9D92C2A7-F38F-4290-BCD9-F4192B4B5FF3}
	EndGlobalSection
EndGlobal
